[{<<"cowboy">>,
  {git,"https://github.com/ninenines/cowboy.git",
       {ref,"d3f15cfd8b2bb4c0c697bd995dfa4546474235ad"}},
  0},
 {<<"cowlib">>,
  {git,"https://github.com/ninenines/cowlib",
       {ref,"bd37be4d3b065600c3b76b492535e76e5d413fc1"}},
  1},
 {<<"eics">>,
  {git,"https://github.com/tortelio/eics.git",
       {ref,"845b76ea2e75168de4d989febe36c0fbbadf48e1"}},
  0},
 {<<"erlang_localtime">>,
  {git,"https://github.com/dmitryme/erlang_localtime",
       {ref,"7855cd3ebb4c2eec1ce8f0db6655df1a3c635c0d"}},
  0},
 {<<"erlsom">>,
  {git,"https://github.com/willemdj/erlsom.git",
       {ref,"e2c1e1f0e6dc4fbbe2fff4cea79f64dd002329ac"}},
  0},
 {<<"gun">>,
  {git,"https://github.com/ninenines/gun.git",
       {ref,"e49f8af96da160b0417d21d5550fedd216acc263"}},
  0},
 {<<"iso8601">>,
  {git,"https://github.com/erlsci/iso8601.git",
       {ref,"fdb0fd12d729c53f4ae6f8c2f893fd6698b8b10e"}},
  0},
 {<<"ranch">>,
  {git,"https://github.com/ninenines/ranch",
       {ref,"55c2a9d623454f372a15e99721a37093d8773b48"}},
  1}].
